
Microsoft Visual Studio Solution File, Format Version 12.00
# Visual Studio Version 16
VisualStudioVersion = 16.0.29123.88
MinimumVisualStudioVersion = 10.0.40219.1
Project("{FAE04EC0-301F-11D3-BF4B-00C04F79EFBC}") = "Grafos", "Grafos.csproj", "{BA87E71F-303C-469B-A243-86D1BCB22647}"
EndProject
Global
	GlobalSection(SolutionConfigurationPlatforms) = preSolution
		Debug|Any CPU = Debug|Any CPU
		Release|Any CPU = Release|Any CPU
	EndGlobalSection
	GlobalSection(ProjectConfigurationPlatforms) = postSolution
		{BA87E71F-303C-469B-A243-86D1BCB22647}.Debug|Any CPU.ActiveCfg = Debug|Any CPU
		{BA87E71F-303C-469B-A243-86D1BCB22647}.Debug|Any CPU.Build.0 = Debug|Any CPU
		{BA87E71F-303C-469B-A243-86D1BCB22647}.Release|Any CPU.ActiveCfg = Release|Any CPU
		{BA87E71F-303C-469B-A243-86D1BCB22647}.Release|Any CPU.Build.0 = Release|Any CPU
	EndGlobalSection
	GlobalSection(SolutionProperties) = preSolution
		HideSolutionNode = FALSE
	EndGlobalSection
	GlobalSection(ExtensibilityGlobals) = postSolution
		SolutionGuid = {84E22577-2BC2-46F8-B2F9-4E73F80AB1E2}
	EndGlobalSection
EndGlobal
